
Microsoft Visual Studio Solution File, Format Version 12.00
# Visual Studio 15
VisualStudioVersion = 15.0.27004.2005
MinimumVisualStudioVersion = 10.0.40219.1
Project("{FAE04EC0-301F-11D3-BF4B-00C04F79EFBC}") = "MinesweeperKata", "MinesweeperKata\MinesweeperKata.csproj", "{F33118C2-C5C2-491D-BAAD-95904367225F}"
EndProject
Global
	GlobalSection(SolutionConfigurationPlatforms) = preSolution
		Debug|Any CPU = Debug|Any CPU
		Release|Any CPU = Release|Any CPU
	EndGlobalSection
	GlobalSection(ProjectConfigurationPlatforms) = postSolution
		{F33118C2-C5C2-491D-BAAD-95904367225F}.Debug|Any CPU.ActiveCfg = Debug|Any CPU
		{F33118C2-C5C2-491D-BAAD-95904367225F}.Debug|Any CPU.Build.0 = Debug|Any CPU
		{F33118C2-C5C2-491D-BAAD-95904367225F}.Release|Any CPU.ActiveCfg = Release|Any CPU
		{F33118C2-C5C2-491D-BAAD-95904367225F}.Release|Any CPU.Build.0 = Release|Any CPU
	EndGlobalSection
	GlobalSection(SolutionProperties) = preSolution
		HideSolutionNode = FALSE
	EndGlobalSection
	GlobalSection(ExtensibilityGlobals) = postSolution
		SolutionGuid = {5C1EFE8C-6366-46C4-9091-DF03AF23EFD0}
	EndGlobalSection
EndGlobal
